
Microsoft Visual Studio Solution File, Format Version 12.00
# Visual Studio Version 17
VisualStudioVersion = 17.0.31903.59
MinimumVisualStudioVersion = 10.0.40219.1
Project("{2150E333-8FDC-42A3-9474-1A3956D46DE8}") = "src", "src", "{827E0CD3-B72D-47B6-A68D-7590B98EB39B}"
EndProject
Project("{FAE04EC0-301F-11D3-BF4B-00C04F79EFBC}") = "REA.Emergencia.Web", "src\REA.Emergencia.Web\REA.Emergencia.Web.csproj", "{562D13FE-D900-4CC8-BF74-832AF78DE806}"
EndProject
Project("{FAE04EC0-301F-11D3-BF4B-00C04F79EFBC}") = "REA.Emergencia.Data", "src\REA.Emergencia.Data\REA.Emergencia.Data.csproj", "{B61B13BB-6500-41EA-AF67-8C29149CB737}"
EndProject
Project("{FAE04EC0-301F-11D3-BF4B-00C04F79EFBC}") = "REA.Emergencia.Domain", "src\REA.Emergencia.Domain\REA.Emergencia.Domain.csproj", "{43E52481-6A78-434D-B666-B7ED0437A285}"
EndProject
Global
	GlobalSection(SolutionConfigurationPlatforms) = preSolution
		Debug|Any CPU = Debug|Any CPU
		Debug|x64 = Debug|x64
		Debug|x86 = Debug|x86
		Release|Any CPU = Release|Any CPU
		Release|x64 = Release|x64
		Release|x86 = Release|x86
	EndGlobalSection
	GlobalSection(ProjectConfigurationPlatforms) = postSolution
		{562D13FE-D900-4CC8-BF74-832AF78DE806}.Debug|Any CPU.ActiveCfg = Debug|Any CPU
		{562D13FE-D900-4CC8-BF74-832AF78DE806}.Debug|Any CPU.Build.0 = Debug|Any CPU
		{562D13FE-D900-4CC8-BF74-832AF78DE806}.Debug|x64.ActiveCfg = Debug|Any CPU
		{562D13FE-D900-4CC8-BF74-832AF78DE806}.Debug|x64.Build.0 = Debug|Any CPU
		{562D13FE-D900-4CC8-BF74-832AF78DE806}.Debug|x86.ActiveCfg = Debug|Any CPU
		{562D13FE-D900-4CC8-BF74-832AF78DE806}.Debug|x86.Build.0 = Debug|Any CPU
		{562D13FE-D900-4CC8-BF74-832AF78DE806}.Release|Any CPU.ActiveCfg = Release|Any CPU
		{562D13FE-D900-4CC8-BF74-832AF78DE806}.Release|Any CPU.Build.0 = Release|Any CPU
		{562D13FE-D900-4CC8-BF74-832AF78DE806}.Release|x64.ActiveCfg = Release|Any CPU
		{562D13FE-D900-4CC8-BF74-832AF78DE806}.Release|x64.Build.0 = Release|Any CPU
		{562D13FE-D900-4CC8-BF74-832AF78DE806}.Release|x86.ActiveCfg = Release|Any CPU
		{562D13FE-D900-4CC8-BF74-832AF78DE806}.Release|x86.Build.0 = Release|Any CPU
		{B61B13BB-6500-41EA-AF67-8C29149CB737}.Debug|Any CPU.ActiveCfg = Debug|Any CPU
		{B61B13BB-6500-41EA-AF67-8C29149CB737}.Debug|Any CPU.Build.0 = Debug|Any CPU
		{B61B13BB-6500-41EA-AF67-8C29149CB737}.Debug|x64.ActiveCfg = Debug|Any CPU
		{B61B13BB-6500-41EA-AF67-8C29149CB737}.Debug|x64.Build.0 = Debug|Any CPU
		{B61B13BB-6500-41EA-AF67-8C29149CB737}.Debug|x86.ActiveCfg = Debug|Any CPU
		{B61B13BB-6500-41EA-AF67-8C29149CB737}.Debug|x86.Build.0 = Debug|Any CPU
		{B61B13BB-6500-41EA-AF67-8C29149CB737}.Release|Any CPU.ActiveCfg = Release|Any CPU
		{B61B13BB-6500-41EA-AF67-8C29149CB737}.Release|Any CPU.Build.0 = Release|Any CPU
		{B61B13BB-6500-41EA-AF67-8C29149CB737}.Release|x64.ActiveCfg = Release|Any CPU
		{B61B13BB-6500-41EA-AF67-8C29149CB737}.Release|x64.Build.0 = Release|Any CPU
		{B61B13BB-6500-41EA-AF67-8C29149CB737}.Release|x86.ActiveCfg = Release|Any CPU
		{B61B13BB-6500-41EA-AF67-8C29149CB737}.Release|x86.Build.0 = Release|Any CPU
		{43E52481-6A78-434D-B666-B7ED0437A285}.Debug|Any CPU.ActiveCfg = Debug|Any CPU
		{43E52481-6A78-434D-B666-B7ED0437A285}.Debug|Any CPU.Build.0 = Debug|Any CPU
		{43E52481-6A78-434D-B666-B7ED0437A285}.Debug|x64.ActiveCfg = Debug|Any CPU
		{43E52481-6A78-434D-B666-B7ED0437A285}.Debug|x64.Build.0 = Debug|Any CPU
		{43E52481-6A78-434D-B666-B7ED0437A285}.Debug|x86.ActiveCfg = Debug|Any CPU
		{43E52481-6A78-434D-B666-B7ED0437A285}.Debug|x86.Build.0 = Debug|Any CPU
		{43E52481-6A78-434D-B666-B7ED0437A285}.Release|Any CPU.ActiveCfg = Release|Any CPU
		{43E52481-6A78-434D-B666-B7ED0437A285}.Release|Any CPU.Build.0 = Release|Any CPU
		{43E52481-6A78-434D-B666-B7ED0437A285}.Release|x64.ActiveCfg = Release|Any CPU
		{43E52481-6A78-434D-B666-B7ED0437A285}.Release|x64.Build.0 = Release|Any CPU
		{43E52481-6A78-434D-B666-B7ED0437A285}.Release|x86.ActiveCfg = Release|Any CPU
		{43E52481-6A78-434D-B666-B7ED0437A285}.Release|x86.Build.0 = Release|Any CPU
	EndGlobalSection
	GlobalSection(SolutionProperties) = preSolution
		HideSolutionNode = FALSE
	EndGlobalSection
	GlobalSection(NestedProjects) = preSolution
		{562D13FE-D900-4CC8-BF74-832AF78DE806} = {827E0CD3-B72D-47B6-A68D-7590B98EB39B}
		{B61B13BB-6500-41EA-AF67-8C29149CB737} = {827E0CD3-B72D-47B6-A68D-7590B98EB39B}
		{43E52481-6A78-434D-B666-B7ED0437A285} = {827E0CD3-B72D-47B6-A68D-7590B98EB39B}
	EndGlobalSection
EndGlobal
